// !$*UTF8*$!
{
	archiveVersion = 1;
	classes = {
	};
	objectVersion = 46;
	objects = {

/* Begin PBXBuildFile section */
		BEB635191FA6FEC700525EBB /* MTPopup.framework in Frameworks */ = {isa = PBXBuildFile; fileRef = D88DC5AC1E9A6C0600F8FA1A /* MTPopup.framework */; };
		BEB6351A1FA6FEC700525EBB /* MTPopup.framework in Embed Frameworks */ = {isa = PBXBuildFile; fileRef = D88DC5AC1E9A6C0600F8FA1A /* MTPopup.framework */; settings = {ATTRIBUTES = (CodeSignOnCopy, RemoveHeadersOnCopy, ); }; };
		D88DC4F21E9A61B500F8FA1A /* AppDelegate.swift in Sources */ = {isa = PBXBuildFile; fileRef = D88DC4F11E9A61B500F8FA1A /* AppDelegate.swift */; };
		D88DC4F41E9A61B500F8FA1A /* ViewController.swift in Sources */ = {isa = PBXBuildFile; fileRef = D88DC4F31E9A61B500F8FA1A /* ViewController.swift */; };
		D88DC4F71E9A61B500F8FA1A /* Main.storyboard in Resources */ = {isa = PBXBuildFile; fileRef = D88DC4F51E9A61B500F8FA1A /* Main.storyboard */; };
		D88DC4F91E9A61B500F8FA1A /* Assets.xcassets in Resources */ = {isa = PBXBuildFile; fileRef = D88DC4F81E9A61B500F8FA1A /* Assets.xcassets */; };
		D88DC4FC1E9A61B500F8FA1A /* LaunchScreen.storyboard in Resources */ = {isa = PBXBuildFile; fileRef = D88DC4FA1E9A61B500F8FA1A /* LaunchScreen.storyboard */; };
		D88DC5071E9A61B500F8FA1A /* DemoUITests.swift in Sources */ = {isa = PBXBuildFile; fileRef = D88DC5061E9A61B500F8FA1A /* DemoUITests.swift */; };
		D88DC5151E9A622700F8FA1A /* BottomSheetController.swift in Sources */ = {isa = PBXBuildFile; fileRef = D88DC5121E9A622700F8FA1A /* BottomSheetController.swift */; };
		D88DC5161E9A622700F8FA1A /* PopupViewController1.swift in Sources */ = {isa = PBXBuildFile; fileRef = D88DC5131E9A622700F8FA1A /* PopupViewController1.swift */; };
		D88DC5171E9A622700F8FA1A /* PopupViewController2.swift in Sources */ = {isa = PBXBuildFile; fileRef = D88DC5141E9A622700F8FA1A /* PopupViewController2.swift */; };
/* End PBXBuildFile section */

/* Begin PBXContainerItemProxy section */
		BEB6351B1FA6FEC700525EBB /* PBXContainerItemProxy */ = {
			isa = PBXContainerItemProxy;
			containerPortal = D88DC5A71E9A6C0600F8FA1A /* MTPopup.xcodeproj */;
			proxyType = 1;
			remoteGlobalIDString = D88DC57C1E9A691900F8FA1A;
			remoteInfo = MTPopup;
		};
		D88DC5031E9A61B500F8FA1A /* PBXContainerItemProxy */ = {
			isa = PBXContainerItemProxy;
			containerPortal = D88DC4E61E9A61B500F8FA1A /* Project object */;
			proxyType = 1;
			remoteGlobalIDString = D88DC4ED1E9A61B500F8FA1A;
			remoteInfo = Demo;
		};
		D88DC5AB1E9A6C0600F8FA1A /* PBXContainerItemProxy */ = {
			isa = PBXContainerItemProxy;
			containerPortal = D88DC5A71E9A6C0600F8FA1A /* MTPopup.xcodeproj */;
			proxyType = 2;
			remoteGlobalIDString = D88DC57D1E9A691900F8FA1A;
			remoteInfo = MTPopup;
		};
/* End PBXContainerItemProxy section */

/* Begin PBXCopyFilesBuildPhase section */
		BEB6351D1FA6FEC700525EBB /* Embed Frameworks */ = {
			isa = PBXCopyFilesBuildPhase;
			buildActionMask = 2147483647;
			dstPath = "";
			dstSubfolderSpec = 10;
			files = (
				BEB6351A1FA6FEC700525EBB /* MTPopup.framework in Embed Frameworks */,
			);
			name = "Embed Frameworks";
			runOnlyForDeploymentPostprocessing = 0;
		};
/* End PBXCopyFilesBuildPhase section */

/* Begin PBXFileReference section */
		D88DC4EE1E9A61B500F8FA1A /* Demo.app */ = {isa = PBXFileReference; explicitFileType = wrapper.application; includeInIndex = 0; path = Demo.app; sourceTree = BUILT_PRODUCTS_DIR; };
		D88DC4F11E9A61B500F8FA1A /* AppDelegate.swift */ = {isa = PBXFileReference; lastKnownFileType = sourcecode.swift; path = AppDelegate.swift; sourceTree = "<group>"; };
		D88DC4F31E9A61B500F8FA1A /* ViewController.swift */ = {isa = PBXFileReference; lastKnownFileType = sourcecode.swift; path = ViewController.swift; sourceTree = "<group>"; };
		D88DC4F61E9A61B500F8FA1A /* Base */ = {isa = PBXFileReference; lastKnownFileType = file.storyboard; name = Base; path = Base.lproj/Main.storyboard; sourceTree = "<group>"; };
		D88DC4F81E9A61B500F8FA1A /* Assets.xcassets */ = {isa = PBXFileReference; lastKnownFileType = folder.assetcatalog; path = Assets.xcassets; sourceTree = "<group>"; };
		D88DC4FB1E9A61B500F8FA1A /* Base */ = {isa = PBXFileReference; lastKnownFileType = file.storyboard; name = Base; path = Base.lproj/LaunchScreen.storyboard; sourceTree = "<group>"; };
		D88DC4FD1E9A61B500F8FA1A /* Info.plist */ = {isa = PBXFileReference; lastKnownFileType = text.plist.xml; path = Info.plist; sourceTree = "<group>"; };
		D88DC5021E9A61B500F8FA1A /* DemoUITests.xctest */ = {isa = PBXFileReference; explicitFileType = wrapper.cfbundle; includeInIndex = 0; path = DemoUITests.xctest; sourceTree = BUILT_PRODUCTS_DIR; };
		D88DC5061E9A61B500F8FA1A /* DemoUITests.swift */ = {isa = PBXFileReference; lastKnownFileType = sourcecode.swift; path = DemoUITests.swift; sourceTree = "<group>"; };
		D88DC5081E9A61B500F8FA1A /* Info.plist */ = {isa = PBXFileReference; lastKnownFileType = text.plist.xml; path = Info.plist; sourceTree = "<group>"; };
		D88DC5121E9A622700F8FA1A /* BottomSheetController.swift */ = {isa = PBXFileReference; fileEncoding = 4; lastKnownFileType = sourcecode.swift; path = BottomSheetController.swift; sourceTree = "<group>"; };
		D88DC5131E9A622700F8FA1A /* PopupViewController1.swift */ = {isa = PBXFileReference; fileEncoding = 4; lastKnownFileType = sourcecode.swift; path = PopupViewController1.swift; sourceTree = "<group>"; };
		D88DC5141E9A622700F8FA1A /* PopupViewController2.swift */ = {isa = PBXFileReference; fileEncoding = 4; lastKnownFileType = sourcecode.swift; path = PopupViewController2.swift; sourceTree = "<group>"; };
		D88DC5A11E9A69D400F8FA1A /* MTPopup.framework */ = {isa = PBXFileReference; lastKnownFileType = wrapper.framework; name = MTPopup.framework; path = MTPopup/Carthage/Build/iOS/MTPopup.framework; sourceTree = "<group>"; };
		D88DC5A71E9A6C0600F8FA1A /* MTPopup.xcodeproj */ = {isa = PBXFileReference; lastKnownFileType = "wrapper.pb-project"; name = MTPopup.xcodeproj; path = MTPopup/MTPopup.xcodeproj; sourceTree = "<group>"; };
/* End PBXFileReference section */

/* Begin PBXFrameworksBuildPhase section */
		D88DC4EB1E9A61B500F8FA1A /* Frameworks */ = {
			isa = PBXFrameworksBuildPhase;
			buildActionMask = 2147483647;
			files = (
				BEB635191FA6FEC700525EBB /* MTPopup.framework in Frameworks */,
			);
			runOnlyForDeploymentPostprocessing = 0;
		};
		D88DC4FF1E9A61B500F8FA1A /* Frameworks */ = {
			isa = PBXFrameworksBuildPhase;
			buildActionMask = 2147483647;
			files = (
			);
			runOnlyForDeploymentPostprocessing = 0;
		};
/* End PBXFrameworksBuildPhase section */

/* Begin PBXGroup section */
		D88DC4E51E9A61B500F8FA1A = {
			isa = PBXGroup;
			children = (
				D88DC5A71E9A6C0600F8FA1A /* MTPopup.xcodeproj */,
				D88DC4F01E9A61B500F8FA1A /* Demo */,
				D88DC5051E9A61B500F8FA1A /* DemoUITests */,
				D88DC4EF1E9A61B500F8FA1A /* Products */,
				D88DC5181E9A628D00F8FA1A /* Frameworks */,
			);
			sourceTree = "<group>";
		};
		D88DC4EF1E9A61B500F8FA1A /* Products */ = {
			isa = PBXGroup;
			children = (
				D88DC4EE1E9A61B500F8FA1A /* Demo.app */,
				D88DC5021E9A61B500F8FA1A /* DemoUITests.xctest */,
			);
			name = Products;
			sourceTree = "<group>";
		};
		D88DC4F01E9A61B500F8FA1A /* Demo */ = {
			isa = PBXGroup;
			children = (
				D88DC5111E9A622700F8FA1A /* TestControllers */,
				D88DC4F11E9A61B500F8FA1A /* AppDelegate.swift */,
				D88DC4F31E9A61B500F8FA1A /* ViewController.swift */,
				D88DC4F51E9A61B500F8FA1A /* Main.storyboard */,
				D88DC4F81E9A61B500F8FA1A /* Assets.xcassets */,
				D88DC4FA1E9A61B500F8FA1A /* LaunchScreen.storyboard */,
				D88DC4FD1E9A61B500F8FA1A /* Info.plist */,
			);
			path = Demo;
			sourceTree = "<group>";
		};
		D88DC5051E9A61B500F8FA1A /* DemoUITests */ = {
			isa = PBXGroup;
			children = (
				D88DC5061E9A61B500F8FA1A /* DemoUITests.swift */,
				D88DC5081E9A61B500F8FA1A /* Info.plist */,
			);
			path = DemoUITests;
			sourceTree = "<group>";
		};
		D88DC5111E9A622700F8FA1A /* TestControllers */ = {
			isa = PBXGroup;
			children = (
				D88DC5121E9A622700F8FA1A /* BottomSheetController.swift */,
				D88DC5131E9A622700F8FA1A /* PopupViewController1.swift */,
				D88DC5141E9A622700F8FA1A /* PopupViewController2.swift */,
			);
			path = TestControllers;
			sourceTree = "<group>";
		};
		D88DC5181E9A628D00F8FA1A /* Frameworks */ = {
			isa = PBXGroup;
			children = (
				D88DC5A11E9A69D400F8FA1A /* MTPopup.framework */,
			);
			name = Frameworks;
			sourceTree = "<group>";
		};
		D88DC5A81E9A6C0600F8FA1A /* Products */ = {
			isa = PBXGroup;
			children = (
				D88DC5AC1E9A6C0600F8FA1A /* MTPopup.framework */,
			);
			name = Products;
			sourceTree = "<group>";
		};
/* End PBXGroup section */

/* Begin PBXNativeTarget section */
		D88DC4ED1E9A61B500F8FA1A /* Demo */ = {
			isa = PBXNativeTarget;
			buildConfigurationList = D88DC50B1E9A61B500F8FA1A /* Build configuration list for PBXNativeTarget "Demo" */;
			buildPhases = (
				D88DC4EA1E9A61B500F8FA1A /* Sources */,
				D88DC4EB1E9A61B500F8FA1A /* Frameworks */,
				D88DC4EC1E9A61B500F8FA1A /* Resources */,
				BEB6351D1FA6FEC700525EBB /* Embed Frameworks */,
			);
			buildRules = (
			);
			dependencies = (
				BEB6351C1FA6FEC700525EBB /* PBXTargetDependency */,
			);
			name = Demo;
			productName = Demo;
			productReference = D88DC4EE1E9A61B500F8FA1A /* Demo.app */;
			productType = "com.apple.product-type.application";
		};
		D88DC5011E9A61B500F8FA1A /* DemoUITests */ = {
			isa = PBXNativeTarget;
			buildConfigurationList = D88DC50E1E9A61B500F8FA1A /* Build configuration list for PBXNativeTarget "DemoUITests" */;
			buildPhases = (
				D88DC4FE1E9A61B500F8FA1A /* Sources */,
				D88DC4FF1E9A61B500F8FA1A /* Frameworks */,
				D88DC5001E9A61B500F8FA1A /* Resources */,
			);
			buildRules = (
			);
			dependencies = (
				D88DC5041E9A61B500F8FA1A /* PBXTargetDependency */,
			);
			name = DemoUITests;
			productName = DemoUITests;
			productReference = D88DC5021E9A61B500F8FA1A /* DemoUITests.xctest */;
			productType = "com.apple.product-type.bundle.ui-testing";
		};
/* End PBXNativeTarget section */

/* Begin PBXProject section */
		D88DC4E61E9A61B500F8FA1A /* Project object */ = {
			isa = PBXProject;
			attributes = {
				LastSwiftUpdateCheck = 0820;
				LastUpgradeCheck = 1250;
				ORGANIZATIONNAME = "伯驹 黄";
				TargetAttributes = {
					D88DC4ED1E9A61B500F8FA1A = {
						CreatedOnToolsVersion = 8.2.1;
						LastSwiftMigration = 0900;
						ProvisioningStyle = Automatic;
					};
					D88DC5011E9A61B500F8FA1A = {
						CreatedOnToolsVersion = 8.2.1;
						LastSwiftMigration = 1250;
						ProvisioningStyle = Automatic;
						TestTargetID = D88DC4ED1E9A61B500F8FA1A;
					};
				};
			};
			buildConfigurationList = D88DC4E91E9A61B500F8FA1A /* Build configuration list for PBXProject "Demo" */;
			compatibilityVersion = "Xcode 3.2";
			developmentRegion = en;
			hasScannedForEncodings = 0;
			knownRegions = (
				en,
				Base,
			);
			mainGroup = D88DC4E51E9A61B500F8FA1A;
			productRefGroup = D88DC4EF1E9A61B500F8FA1A /* Products */;
			projectDirPath = "";
			projectReferences = (
				{
					ProductGroup = D88DC5A81E9A6C0600F8FA1A /* Products */;
					ProjectRef = D88DC5A71E9A6C0600F8FA1A /* MTPopup.xcodeproj */;
				},
			);
			projectRoot = "";
			targets = (
				D88DC4ED1E9A61B500F8FA1A /* Demo */,
				D88DC5011E9A61B500F8FA1A /* DemoUITests */,
			);
		};
/* End PBXProject section */

/* Begin PBXReferenceProxy section */
		D88DC5AC1E9A6C0600F8FA1A /* MTPopup.framework */ = {
			isa = PBXReferenceProxy;
			fileType = wrapper.framework;
			path = MTPopup.framework;
			remoteRef = D88DC5AB1E9A6C0600F8FA1A /* PBXContainerItemProxy */;
			sourceTree = BUILT_PRODUCTS_DIR;
		};
/* End PBXReferenceProxy section */

/* Begin PBXResourcesBuildPhase section */
		D88DC4EC1E9A61B500F8FA1A /* Resources */ = {
			isa = PBXResourcesBuildPhase;
			buildActionMask = 2147483647;
			files = (
				D88DC4FC1E9A61B500F8FA1A /* LaunchScreen.storyboard in Resources */,
				D88DC4F91E9A61B500F8FA1A /* Assets.xcassets in Resources */,
				D88DC4F71E9A61B500F8FA1A /* Main.storyboard in Resources */,
			);
			runOnlyForDeploymentPostprocessing = 0;
		};
		D88DC5001E9A61B500F8FA1A /* Resources */ = {
			isa = PBXResourcesBuildPhase;
			buildActionMask = 2147483647;
			files = (
			);
			runOnlyForDeploymentPostprocessing = 0;
		};
/* End PBXResourcesBuildPhase section */

/* Begin PBXSourcesBuildPhase section */
		D88DC4EA1E9A61B500F8FA1A /* Sources */ = {
			isa = PBXSourcesBuildPhase;
			buildActionMask = 2147483647;
			files = (
				D88DC5151E9A622700F8FA1A /* BottomSheetController.swift in Sources */,
				D88DC5161E9A622700F8FA1A /* PopupViewController1.swift in Sources */,
				D88DC4F41E9A61B500F8FA1A /* ViewController.swift in Sources */,
				D88DC5171E9A622700F8FA1A /* PopupViewController2.swift in Sources */,
				D88DC4F21E9A61B500F8FA1A /* AppDelegate.swift in Sources */,
			);
			runOnlyForDeploymentPostprocessing = 0;
		};
		D88DC4FE1E9A61B500F8FA1A /* Sources */ = {
			isa = PBXSourcesBuildPhase;
			buildActionMask = 2147483647;
			files = (
				D88DC5071E9A61B500F8FA1A /* DemoUITests.swift in Sources */,
			);
			runOnlyForDeploymentPostprocessing = 0;
		};
/* End PBXSourcesBuildPhase section */

/* Begin PBXTargetDependency section */
		BEB6351C1FA6FEC700525EBB /* PBXTargetDependency */ = {
			isa = PBXTargetDependency;
			name = MTPopup;
			targetProxy = BEB6351B1FA6FEC700525EBB /* PBXContainerItemProxy */;
		};
		D88DC5041E9A61B500F8FA1A /* PBXTargetDependency */ = {
			isa = PBXTargetDependency;
			target = D88DC4ED1E9A61B500F8FA1A /* Demo */;
			targetProxy = D88DC5031E9A61B500F8FA1A /* PBXContainerItemProxy */;
		};
/* End PBXTargetDependency section */

/* Begin PBXVariantGroup section */
		D88DC4F51E9A61B500F8FA1A /* Main.storyboard */ = {
			isa = PBXVariantGroup;
			children = (
				D88DC4F61E9A61B500F8FA1A /* Base */,
			);
			name = Main.storyboard;
			sourceTree = "<group>";
		};
		D88DC4FA1E9A61B500F8FA1A /* LaunchScreen.storyboard */ = {
			isa = PBXVariantGroup;
			children = (
				D88DC4FB1E9A61B500F8FA1A /* Base */,
			);
			name = LaunchScreen.storyboard;
			sourceTree = "<group>";
		};
/* End PBXVariantGroup section */

/* Begin XCBuildConfiguration section */
		D88DC5091E9A61B500F8FA1A /* Debug */ = {
			isa = XCBuildConfiguration;
			buildSettings = {
				ALWAYS_SEARCH_USER_PATHS = NO;
				CLANG_ANALYZER_LOCALIZABILITY_NONLOCALIZED = YES;
				CLANG_ANALYZER_NONNULL = YES;
				CLANG_CXX_LANGUAGE_STANDARD = "gnu++0x";
				CLANG_CXX_LIBRARY = "libc++";
				CLANG_ENABLE_MODULES = YES;
				CLANG_ENABLE_OBJC_ARC = YES;
				CLANG_WARN_BLOCK_CAPTURE_AUTORELEASING = YES;
				CLANG_WARN_BOOL_CONVERSION = YES;
				CLANG_WARN_COMMA = YES;
				CLANG_WARN_CONSTANT_CONVERSION = YES;
				CLANG_WARN_DEPRECATED_OBJC_IMPLEMENTATIONS = YES;
				CLANG_WARN_DIRECT_OBJC_ISA_USAGE = YES_ERROR;
				CLANG_WARN_DOCUMENTATION_COMMENTS = YES;
				CLANG_WARN_EMPTY_BODY = YES;
				CLANG_WARN_ENUM_CONVERSION = YES;
				CLANG_WARN_INFINITE_RECURSION = YES;
				CLANG_WARN_INT_CONVERSION = YES;
				CLANG_WARN_NON_LITERAL_NULL_CONVERSION = YES;
				CLANG_WARN_OBJC_IMPLICIT_RETAIN_SELF = YES;
				CLANG_WARN_OBJC_LITERAL_CONVERSION = YES;
				CLANG_WARN_OBJC_ROOT_CLASS = YES_ERROR;
				CLANG_WARN_QUOTED_INCLUDE_IN_FRAMEWORK_HEADER = YES;
				CLANG_WARN_RANGE_LOOP_ANALYSIS = YES;
				CLANG_WARN_STRICT_PROTOTYPES = YES;
				CLANG_WARN_SUSPICIOUS_MOVE = YES;
				CLANG_WARN_UNREACHABLE_CODE = YES;
				CLANG_WARN__DUPLICATE_METHOD_MATCH = YES;
				"CODE_SIGN_IDENTITY[sdk=iphoneos*]" = "iPhone Developer";
				COPY_PHASE_STRIP = NO;
				DEBUG_INFORMATION_FORMAT = dwarf;
				ENABLE_STRICT_OBJC_MSGSEND = YES;
				ENABLE_TESTABILITY = YES;
				GCC_C_LANGUAGE_STANDARD = gnu99;
				GCC_DYNAMIC_NO_PIC = NO;
				GCC_NO_COMMON_BLOCKS = YES;
				GCC_OPTIMIZATION_LEVEL = 0;
				GCC_PREPROCESSOR_DEFINITIONS = (
					"DEBUG=1",
					"$(inherited)",
				);
				GCC_WARN_64_TO_32_BIT_CONVERSION = YES;
				GCC_WARN_ABOUT_RETURN_TYPE = YES_ERROR;
				GCC_WARN_UNDECLARED_SELECTOR = YES;
				GCC_WARN_UNINITIALIZED_AUTOS = YES_AGGRESSIVE;
				GCC_WARN_UNUSED_FUNCTION = YES;
				GCC_WARN_UNUSED_VARIABLE = YES;
				IPHONEOS_DEPLOYMENT_TARGET = 12.0;
				MTL_ENABLE_DEBUG_INFO = YES;
				ONLY_ACTIVE_ARCH = YES;
				SDKROOT = iphoneos;
				SWIFT_ACTIVE_COMPILATION_CONDITIONS = DEBUG;
				SWIFT_OPTIMIZATION_LEVEL = "-Onone";
				SWIFT_VERSION = 4.0;
			};
			name = Debug;
		};
		D88DC50A1E9A61B500F8FA1A /* Release */ = {
			isa = XCBuildConfiguration;
			buildSettings = {
				ALWAYS_SEARCH_USER_PATHS = NO;
				CLANG_ANALYZER_LOCALIZABILITY_NONLOCALIZED = YES;
				CLANG_ANALYZER_NONNULL = YES;
				CLANG_CXX_LANGUAGE_STANDARD = "gnu++0x";
				CLANG_CXX_LIBRARY = "libc++";
				CLANG_ENABLE_MODULES = YES;
				CLANG_ENABLE_OBJC_ARC = YES;
				CLANG_WARN_BLOCK_CAPTURE_AUTORELEASING = YES;
				CLANG_WARN_BOOL_CONVERSION = YES;
				CLANG_WARN_COMMA = YES;
				CLANG_WARN_CONSTANT_CONVERSION = YES;
				CLANG_WARN_DEPRECATED_OBJC_IMPLEMENTATIONS = YES;
				CLANG_WARN_DIRECT_OBJC_ISA_USAGE = YES_ERROR;
				CLANG_WARN_DOCUMENTATION_COMMENTS = YES;
				CLANG_WARN_EMPTY_BODY = YES;
				CLANG_WARN_ENUM_CONVERSION = YES;
				CLANG_WARN_INFINITE_RECURSION = YES;
				CLANG_WARN_INT_CONVERSION = YES;
				CLANG_WARN_NON_LITERAL_NULL_CONVERSION = YES;
				CLANG_WARN_OBJC_IMPLICIT_RETAIN_SELF = YES;
				CLANG_WARN_OBJC_LITERAL_CONVERSION = YES;
				CLANG_WARN_OBJC_ROOT_CLASS = YES_ERROR;
				CLANG_WARN_QUOTED_INCLUDE_IN_FRAMEWORK_HEADER = YES;
				CLANG_WARN_RANGE_LOOP_ANALYSIS = YES;
				CLANG_WARN_STRICT_PROTOTYPES = YES;
				CLANG_WARN_SUSPICIOUS_MOVE = YES;
				CLANG_WARN_UNREACHABLE_CODE = YES;
				CLANG_WARN__DUPLICATE_METHOD_MATCH = YES;
				"CODE_SIGN_IDENTITY[sdk=iphoneos*]" = "iPhone Developer";
				COPY_PHASE_STRIP = NO;
				DEBUG_INFORMATION_FORMAT = "dwarf-with-dsym";
				ENABLE_NS_ASSERTIONS = NO;
				ENABLE_STRICT_OBJC_MSGSEND = YES;
				GCC_C_LANGUAGE_STANDARD = gnu99;
				GCC_NO_COMMON_BLOCKS = YES;
				GCC_WARN_64_TO_32_BIT_CONVERSION = YES;
				GCC_WARN_ABOUT_RETURN_TYPE = YES_ERROR;
				GCC_WARN_UNDECLARED_SELECTOR = YES;
				GCC_WARN_UNINITIALIZED_AUTOS = YES_AGGRESSIVE;
				GCC_WARN_UNUSED_FUNCTION = YES;
				GCC_WARN_UNUSED_VARIABLE = YES;
				IPHONEOS_DEPLOYMENT_TARGET = 12.0;
				MTL_ENABLE_DEBUG_INFO = NO;
				SDKROOT = iphoneos;
				SWIFT_OPTIMIZATION_LEVEL = "-Owholemodule";
				SWIFT_VERSION = 4.0;
				VALIDATE_PRODUCT = YES;
			};
			name = Release;
		};
		D88DC50C1E9A61B500F8FA1A /* Debug */ = {
			isa = XCBuildConfiguration;
			buildSettings = {
				ALWAYS_EMBED_SWIFT_STANDARD_LIBRARIES = YES;
				ASSETCATALOG_COMPILER_APPICON_NAME = AppIcon;
				FRAMEWORK_SEARCH_PATHS = (
					"$(inherited)",
					"$(PROJECT_DIR)/MTPopup/Carthage/Build/iOS",
				);
				INFOPLIST_FILE = Demo/Info.plist;
				IPHONEOS_DEPLOYMENT_TARGET = 12.0;
				LD_RUNPATH_SEARCH_PATHS = "$(inherited) @executable_path/Frameworks";
				PRODUCT_BUNDLE_IDENTIFIER = com.huangboju.Demo;
				PRODUCT_NAME = "$(TARGET_NAME)";
				SWIFT_SWIFT3_OBJC_INFERENCE = Default;
				SWIFT_VERSION = 5.0;
			};
			name = Debug;
		};
		D88DC50D1E9A61B500F8FA1A /* Release */ = {
			isa = XCBuildConfiguration;
			buildSettings = {
				ALWAYS_EMBED_SWIFT_STANDARD_LIBRARIES = YES;
				ASSETCATALOG_COMPILER_APPICON_NAME = AppIcon;
				FRAMEWORK_SEARCH_PATHS = (
					"$(inherited)",
					"$(PROJECT_DIR)/MTPopup/Carthage/Build/iOS",
				);
				INFOPLIST_FILE = Demo/Info.plist;
				IPHONEOS_DEPLOYMENT_TARGET = 12.0;
				LD_RUNPATH_SEARCH_PATHS = "$(inherited) @executable_path/Frameworks";
				PRODUCT_BUNDLE_IDENTIFIER = com.huangboju.Demo;
				PRODUCT_NAME = "$(TARGET_NAME)";
				SWIFT_SWIFT3_OBJC_INFERENCE = Default;
				SWIFT_VERSION = 5.0;
			};
			name = Release;
		};
		D88DC50F1E9A61B500F8FA1A /* Debug */ = {
			isa = XCBuildConfiguration;
			buildSettings = {
				ALWAYS_EMBED_SWIFT_STANDARD_LIBRARIES = YES;
				INFOPLIST_FILE = DemoUITests/Info.plist;
				LD_RUNPATH_SEARCH_PATHS = "$(inherited) @executable_path/Frameworks @loader_path/Frameworks";
				PRODUCT_BUNDLE_IDENTIFIER = com.huangboju.DemoUITests;
				PRODUCT_NAME = "$(TARGET_NAME)";
				SWIFT_SWIFT3_OBJC_INFERENCE = Default;
				SWIFT_VERSION = 5.0;
				TEST_TARGET_NAME = Demo;
			};
			name = Debug;
		};
		D88DC5101E9A61B500F8FA1A /* Release */ = {
			isa = XCBuildConfiguration;
			buildSettings = {
				ALWAYS_EMBED_SWIFT_STANDARD_LIBRARIES = YES;
				INFOPLIST_FILE = DemoUITests/Info.plist;
				LD_RUNPATH_SEARCH_PATHS = "$(inherited) @executable_path/Frameworks @loader_path/Frameworks";
				PRODUCT_BUNDLE_IDENTIFIER = com.huangboju.DemoUITests;
				PRODUCT_NAME = "$(TARGET_NAME)";
				SWIFT_SWIFT3_OBJC_INFERENCE = Default;
				SWIFT_VERSION = 5.0;
				TEST_TARGET_NAME = Demo;
			};
			name = Release;
		};
/* End XCBuildConfiguration section */

/* Begin XCConfigurationList section */
		D88DC4E91E9A61B500F8FA1A /* Build configuration list for PBXProject "Demo" */ = {
			isa = XCConfigurationList;
			buildConfigurations = (
				D88DC5091E9A61B500F8FA1A /* Debug */,
				D88DC50A1E9A61B500F8FA1A /* Release */,
			);
			defaultConfigurationIsVisible = 0;
			defaultConfigurationName = Release;
		};
		D88DC50B1E9A61B500F8FA1A /* Build configuration list for PBXNativeTarget "Demo" */ = {
			isa = XCConfigurationList;
			buildConfigurations = (
				D88DC50C1E9A61B500F8FA1A /* Debug */,
				D88DC50D1E9A61B500F8FA1A /* Release */,
			);
			defaultConfigurationIsVisible = 0;
			defaultConfigurationName = Release;
		};
		D88DC50E1E9A61B500F8FA1A /* Build configuration list for PBXNativeTarget "DemoUITests" */ = {
			isa = XCConfigurationList;
			buildConfigurations = (
				D88DC50F1E9A61B500F8FA1A /* Debug */,
				D88DC5101E9A61B500F8FA1A /* Release */,
			);
			defaultConfigurationIsVisible = 0;
			defaultConfigurationName = Release;
		};
/* End XCConfigurationList section */
	};
	rootObject = D88DC4E61E9A61B500F8FA1A /* Project object */;
}
